{
  "name": "BlogApp.WebUI",
  "version": "1.0.0",
  "lockfileVersion": 1,
  "requires": true,
  "dependencies": {
    "bootstrap": {
      "version": "4.3.1",
      "resolved": "https://registry.npmjs.org/bootstrap/-/bootstrap-4.3.1.tgz",
      "integrity": "sha512-rXqOmH1VilAt2DyPzluTi2blhk17bO7ef+zLLPlWvG494pDxcM234pJ8wTc/6R40UWizAIIMgxjvxZg5kmsbag=="
    },
    "ckeditor": {
      "version": "4.11.4",
      "resolved": "https://registry.npmjs.org/ckeditor/-/ckeditor-4.11.4.tgz",
      "integrity": "sha512-h1EymdwFDdQuDO1vEisUagZ/WYiDnvvvtftYmbmqbbUf9vk21ovXb7mXnQimvTYJfRQBgJCoqfjFDfcQIfw9ig=="
    }
  }
}
