
Microsoft Visual Studio Solution File, Format Version 12.00
# Visual Studio 15
VisualStudioVersion = 15.0.28307.572
MinimumVisualStudioVersion = 10.0.40219.1
Project("{FAE04EC0-301F-11D3-BF4B-00C04F79EFBC}") = "BlogApp.WebUI", "BlogApp.WebUI\BlogApp.WebUI.csproj", "{418B17E9-F322-41CE-BEC2-333F9B7FC393}"
EndProject
Project("{FAE04EC0-301F-11D3-BF4B-00C04F79EFBC}") = "BlogApp.Data", "BlogApp.Data\BlogApp.Data.csproj", "{F1487C89-7C15-4E00-978D-F1549D611807}"
EndProject
Project("{FAE04EC0-301F-11D3-BF4B-00C04F79EFBC}") = "BlogApp.Entity", "BlogApp.Entity\BlogApp.Entity.csproj", "{27D9BA5A-E870-4BF6-B6E1-252DDF7AF871}"
EndProject
Global
	GlobalSection(SolutionConfigurationPlatforms) = preSolution
		Debug|Any CPU = Debug|Any CPU
		Release|Any CPU = Release|Any CPU
	EndGlobalSection
	GlobalSection(ProjectConfigurationPlatforms) = postSolution
		{418B17E9-F322-41CE-BEC2-333F9B7FC393}.Debug|Any CPU.ActiveCfg = Debug|Any CPU
		{418B17E9-F322-41CE-BEC2-333F9B7FC393}.Debug|Any CPU.Build.0 = Debug|Any CPU
		{418B17E9-F322-41CE-BEC2-333F9B7FC393}.Release|Any CPU.ActiveCfg = Release|Any CPU
		{418B17E9-F322-41CE-BEC2-333F9B7FC393}.Release|Any CPU.Build.0 = Release|Any CPU
		{F1487C89-7C15-4E00-978D-F1549D611807}.Debug|Any CPU.ActiveCfg = Debug|Any CPU
		{F1487C89-7C15-4E00-978D-F1549D611807}.Debug|Any CPU.Build.0 = Debug|Any CPU
		{F1487C89-7C15-4E00-978D-F1549D611807}.Release|Any CPU.ActiveCfg = Release|Any CPU
		{F1487C89-7C15-4E00-978D-F1549D611807}.Release|Any CPU.Build.0 = Release|Any CPU
		{27D9BA5A-E870-4BF6-B6E1-252DDF7AF871}.Debug|Any CPU.ActiveCfg = Debug|Any CPU
		{27D9BA5A-E870-4BF6-B6E1-252DDF7AF871}.Debug|Any CPU.Build.0 = Debug|Any CPU
		{27D9BA5A-E870-4BF6-B6E1-252DDF7AF871}.Release|Any CPU.ActiveCfg = Release|Any CPU
		{27D9BA5A-E870-4BF6-B6E1-252DDF7AF871}.Release|Any CPU.Build.0 = Release|Any CPU
	EndGlobalSection
	GlobalSection(SolutionProperties) = preSolution
		HideSolutionNode = FALSE
	EndGlobalSection
	GlobalSection(ExtensibilityGlobals) = postSolution
		SolutionGuid = {9350113B-E12C-41AC-A7DC-C37E9D300D70}
	EndGlobalSection
EndGlobal
